
Microsoft Visual Studio Solution File, Format Version 12.00
# Visual Studio Version 17
VisualStudioVersion = 17.3.32922.545
MinimumVisualStudioVersion = 10.0.40219.1
Project("{FAE04EC0-301F-11D3-BF4B-00C04F79EFBC}") = "server", "server\server.csproj", "{A246FB5C-8CAF-4C72-A340-A47F3B0A9B1F}"
EndProject
Global
	GlobalSection(SolutionConfigurationPlatforms) = preSolution
		Debug|Any CPU = Debug|Any CPU
		Release|Any CPU = Release|Any CPU
	EndGlobalSection
	GlobalSection(ProjectConfigurationPlatforms) = postSolution
		{A246FB5C-8CAF-4C72-A340-A47F3B0A9B1F}.Debug|Any CPU.ActiveCfg = Debug|Any CPU
		{A246FB5C-8CAF-4C72-A340-A47F3B0A9B1F}.Debug|Any CPU.Build.0 = Debug|Any CPU
		{A246FB5C-8CAF-4C72-A340-A47F3B0A9B1F}.Release|Any CPU.ActiveCfg = Release|Any CPU
		{A246FB5C-8CAF-4C72-A340-A47F3B0A9B1F}.Release|Any CPU.Build.0 = Release|Any CPU
	EndGlobalSection
	GlobalSection(SolutionProperties) = preSolution
		HideSolutionNode = FALSE
	EndGlobalSection
	GlobalSection(ExtensibilityGlobals) = postSolution
		SolutionGuid = {2B5083ED-5564-4FF2-B12C-EDB8C41664A7}
	EndGlobalSection
EndGlobal
